#MicroXplorer Configuration settings - do not modify
ADC3.Channel-0\#ChannelRegularConversion=ADC_CHANNEL_9
ADC3.IPParameters=Rank-0\#ChannelRegularConversion,Channel-0\#ChannelRegularConversion,SamplingTime-0\#ChannelRegularConversion,NbrOfConversionFlag
ADC3.NbrOfConversionFlag=1
ADC3.Rank-0\#ChannelRegularConversion=1
ADC3.SamplingTime-0\#ChannelRegularConversion=ADC_SAMPLETIME_3CYCLES
CAD.formats=
CAD.pinconfig=
CAD.provider=
CAN1.ABOM=DISABLE
CAN1.AWUM=DISABLE
CAN1.BS1=CAN_BS1_15TQ
CAN1.BS2=CAN_BS2_2TQ
CAN1.CalculateBaudRate=1000000
CAN1.CalculateTimeBit=1000
CAN1.CalculateTimeQuantum=55.55555555555556
CAN1.IPParameters=SJW,TTCM,ABOM,AWUM,NART,RFLM,TXFP,Mode,CalculateTimeQuantum,CalculateTimeBit,CalculateBaudRate,BS2,Prescaler,BS1
CAN1.Mode=CAN_MODE_NORMAL
CAN1.NART=DISABLE
CAN1.Prescaler=3
CAN1.RFLM=DISABLE
CAN1.SJW=CAN_SJW_1TQ
CAN1.TTCM=DISABLE
CAN1.TXFP=DISABLE
CAN2.ABOM=DISABLE
CAN2.AWUM=DISABLE
CAN2.BS1=CAN_BS1_15TQ
CAN2.BS2=CAN_BS2_2TQ
CAN2.CalculateBaudRate=1000000
CAN2.CalculateTimeBit=1000
CAN2.CalculateTimeQuantum=55.55555555555556
CAN2.IPParameters=Prescaler,SJW,TTCM,ABOM,AWUM,NART,RFLM,TXFP,Mode,CalculateTimeQuantum,CalculateTimeBit,CalculateBaudRate,BS2,BS1
CAN2.Mode=CAN_MODE_NORMAL
CAN2.NART=DISABLE
CAN2.Prescaler=3
CAN2.RFLM=DISABLE
CAN2.SJW=CAN_SJW_1TQ
CAN2.TTCM=DISABLE
CAN2.TXFP=DISABLE
CORTEX_M7.ART_ACCLERATOR_ENABLE=0
CORTEX_M7.CPU_DCache=Enabled
CORTEX_M7.CPU_ICache=Enabled
CORTEX_M7.FlashInterface=AXI_Enabled
CORTEX_M7.IPParameters=FlashInterface,ART_ACCLERATOR_ENABLE,PREFETCH_ENABLE,CPU_ICache,CPU_DCache,MPU_Control
CORTEX_M7.MPU_Control=__NULL
CORTEX_M7.PREFETCH_ENABLE=1
CRYP.Algorithm=CRYP_AES_ECB
CRYP.IPParameters=Algorithm
DAC.DAC_Trigger=DAC_TRIGGER_NONE
DAC.IPParameters=DAC_Trigger
Dma.ADC3.2.Direction=DMA_PERIPH_TO_MEMORY
Dma.ADC3.2.FIFOMode=DMA_FIFOMODE_ENABLE
Dma.ADC3.2.FIFOThreshold=DMA_FIFO_THRESHOLD_FULL
Dma.ADC3.2.Instance=DMA2_Stream1
Dma.ADC3.2.MemBurst=DMA_MBURST_SINGLE
Dma.ADC3.2.MemDataAlignment=DMA_MDATAALIGN_HALFWORD
Dma.ADC3.2.MemInc=DMA_MINC_ENABLE
Dma.ADC3.2.Mode=DMA_CIRCULAR
Dma.ADC3.2.PeriphBurst=DMA_PBURST_SINGLE
Dma.ADC3.2.PeriphDataAlignment=DMA_PDATAALIGN_HALFWORD
Dma.ADC3.2.PeriphInc=DMA_PINC_DISABLE
Dma.ADC3.2.Priority=DMA_PRIORITY_LOW
Dma.ADC3.2.RequestParameters=Instance,Direction,PeriphInc,MemInc,PeriphDataAlignment,MemDataAlignment,Mode,Priority,FIFOMode,FIFOThreshold,MemBurst,PeriphBurst
Dma.Request0=UART7_RX
Dma.Request1=UART7_TX
Dma.Request2=ADC3
Dma.Request3=TIM8_CH1
Dma.Request4=TIM8_CH2
Dma.Request5=TIM8_CH3
Dma.Request6=TIM8_CH4/TRIG/COM
Dma.Request7=UART8_RX
Dma.Request8=UART8_TX
Dma.RequestsNb=9
Dma.TIM8_CH1.3.Direction=DMA_PERIPH_TO_MEMORY
Dma.TIM8_CH1.3.FIFOMode=DMA_FIFOMODE_ENABLE
Dma.TIM8_CH1.3.FIFOThreshold=DMA_FIFO_THRESHOLD_FULL
Dma.TIM8_CH1.3.Instance=DMA2_Stream2
Dma.TIM8_CH1.3.MemBurst=DMA_MBURST_SINGLE
Dma.TIM8_CH1.3.MemDataAlignment=DMA_MDATAALIGN_HALFWORD
Dma.TIM8_CH1.3.MemInc=DMA_MINC_ENABLE
Dma.TIM8_CH1.3.Mode=DMA_NORMAL
Dma.TIM8_CH1.3.PeriphBurst=DMA_PBURST_SINGLE
Dma.TIM8_CH1.3.PeriphDataAlignment=DMA_PDATAALIGN_HALFWORD
Dma.TIM8_CH1.3.PeriphInc=DMA_PINC_DISABLE
Dma.TIM8_CH1.3.Priority=DMA_PRIORITY_LOW
Dma.TIM8_CH1.3.RequestParameters=Instance,Direction,PeriphInc,MemInc,PeriphDataAlignment,MemDataAlignment,Mode,Priority,FIFOMode,FIFOThreshold,MemBurst,PeriphBurst
Dma.TIM8_CH2.4.Direction=DMA_PERIPH_TO_MEMORY
Dma.TIM8_CH2.4.FIFOMode=DMA_FIFOMODE_ENABLE
Dma.TIM8_CH2.4.FIFOThreshold=DMA_FIFO_THRESHOLD_FULL
Dma.TIM8_CH2.4.Instance=DMA2_Stream3
Dma.TIM8_CH2.4.MemBurst=DMA_MBURST_SINGLE
Dma.TIM8_CH2.4.MemDataAlignment=DMA_MDATAALIGN_HALFWORD
Dma.TIM8_CH2.4.MemInc=DMA_MINC_ENABLE
Dma.TIM8_CH2.4.Mode=DMA_NORMAL
Dma.TIM8_CH2.4.PeriphBurst=DMA_PBURST_SINGLE
Dma.TIM8_CH2.4.PeriphDataAlignment=DMA_PDATAALIGN_HALFWORD
Dma.TIM8_CH2.4.PeriphInc=DMA_PINC_DISABLE
Dma.TIM8_CH2.4.Priority=DMA_PRIORITY_LOW
Dma.TIM8_CH2.4.RequestParameters=Instance,Direction,PeriphInc,MemInc,PeriphDataAlignment,MemDataAlignment,Mode,Priority,FIFOMode,FIFOThreshold,MemBurst,PeriphBurst
Dma.TIM8_CH3.5.Direction=DMA_PERIPH_TO_MEMORY
Dma.TIM8_CH3.5.FIFOMode=DMA_FIFOMODE_ENABLE
Dma.TIM8_CH3.5.FIFOThreshold=DMA_FIFO_THRESHOLD_FULL
Dma.TIM8_CH3.5.Instance=DMA2_Stream4
Dma.TIM8_CH3.5.MemBurst=DMA_MBURST_SINGLE
Dma.TIM8_CH3.5.MemDataAlignment=DMA_MDATAALIGN_HALFWORD
Dma.TIM8_CH3.5.MemInc=DMA_MINC_ENABLE
Dma.TIM8_CH3.5.Mode=DMA_NORMAL
Dma.TIM8_CH3.5.PeriphBurst=DMA_PBURST_SINGLE
Dma.TIM8_CH3.5.PeriphDataAlignment=DMA_PDATAALIGN_HALFWORD
Dma.TIM8_CH3.5.PeriphInc=DMA_PINC_DISABLE
Dma.TIM8_CH3.5.Priority=DMA_PRIORITY_LOW
Dma.TIM8_CH3.5.RequestParameters=Instance,Direction,PeriphInc,MemInc,PeriphDataAlignment,MemDataAlignment,Mode,Priority,FIFOMode,FIFOThreshold,MemBurst,PeriphBurst
Dma.TIM8_CH4/TRIG/COM.6.Direction=DMA_PERIPH_TO_MEMORY
Dma.TIM8_CH4/TRIG/COM.6.FIFOMode=DMA_FIFOMODE_ENABLE
Dma.TIM8_CH4/TRIG/COM.6.FIFOThreshold=DMA_FIFO_THRESHOLD_FULL
Dma.TIM8_CH4/TRIG/COM.6.Instance=DMA2_Stream7
Dma.TIM8_CH4/TRIG/COM.6.MemBurst=DMA_MBURST_SINGLE
Dma.TIM8_CH4/TRIG/COM.6.MemDataAlignment=DMA_MDATAALIGN_HALFWORD
Dma.TIM8_CH4/TRIG/COM.6.MemInc=DMA_MINC_ENABLE
Dma.TIM8_CH4/TRIG/COM.6.Mode=DMA_NORMAL
Dma.TIM8_CH4/TRIG/COM.6.PeriphBurst=DMA_PBURST_SINGLE
Dma.TIM8_CH4/TRIG/COM.6.PeriphDataAlignment=DMA_PDATAALIGN_HALFWORD
Dma.TIM8_CH4/TRIG/COM.6.PeriphInc=DMA_PINC_DISABLE
Dma.TIM8_CH4/TRIG/COM.6.Priority=DMA_PRIORITY_LOW
Dma.TIM8_CH4/TRIG/COM.6.RequestParameters=Instance,Direction,PeriphInc,MemInc,PeriphDataAlignment,MemDataAlignment,Mode,Priority,FIFOMode,FIFOThreshold,MemBurst,PeriphBurst
Dma.UART7_RX.0.Direction=DMA_PERIPH_TO_MEMORY
Dma.UART7_RX.0.FIFOMode=DMA_FIFOMODE_ENABLE
Dma.UART7_RX.0.FIFOThreshold=DMA_FIFO_THRESHOLD_FULL
Dma.UART7_RX.0.Instance=DMA1_Stream3
Dma.UART7_RX.0.MemBurst=DMA_MBURST_SINGLE
Dma.UART7_RX.0.MemDataAlignment=DMA_MDATAALIGN_BYTE
Dma.UART7_RX.0.MemInc=DMA_MINC_ENABLE
Dma.UART7_RX.0.Mode=DMA_NORMAL
Dma.UART7_RX.0.PeriphBurst=DMA_PBURST_SINGLE
Dma.UART7_RX.0.PeriphDataAlignment=DMA_PDATAALIGN_BYTE
Dma.UART7_RX.0.PeriphInc=DMA_PINC_DISABLE
Dma.UART7_RX.0.Priority=DMA_PRIORITY_LOW
Dma.UART7_RX.0.RequestParameters=Instance,Direction,PeriphInc,MemInc,PeriphDataAlignment,MemDataAlignment,Mode,Priority,FIFOMode,FIFOThreshold,MemBurst,PeriphBurst
Dma.UART7_TX.1.Direction=DMA_MEMORY_TO_PERIPH
Dma.UART7_TX.1.FIFOMode=DMA_FIFOMODE_ENABLE
Dma.UART7_TX.1.FIFOThreshold=DMA_FIFO_THRESHOLD_FULL
Dma.UART7_TX.1.Instance=DMA1_Stream1
Dma.UART7_TX.1.MemBurst=DMA_MBURST_SINGLE
Dma.UART7_TX.1.MemDataAlignment=DMA_MDATAALIGN_BYTE
Dma.UART7_TX.1.MemInc=DMA_MINC_ENABLE
Dma.UART7_TX.1.Mode=DMA_NORMAL
Dma.UART7_TX.1.PeriphBurst=DMA_PBURST_SINGLE
Dma.UART7_TX.1.PeriphDataAlignment=DMA_PDATAALIGN_BYTE
Dma.UART7_TX.1.PeriphInc=DMA_PINC_DISABLE
Dma.UART7_TX.1.Priority=DMA_PRIORITY_LOW
Dma.UART7_TX.1.RequestParameters=Instance,Direction,PeriphInc,MemInc,PeriphDataAlignment,MemDataAlignment,Mode,Priority,FIFOMode,FIFOThreshold,MemBurst,PeriphBurst
Dma.UART8_RX.7.Direction=DMA_PERIPH_TO_MEMORY
Dma.UART8_RX.7.FIFOMode=DMA_FIFOMODE_ENABLE
Dma.UART8_RX.7.FIFOThreshold=DMA_FIFO_THRESHOLD_FULL
Dma.UART8_RX.7.Instance=DMA1_Stream6
Dma.UART8_RX.7.MemBurst=DMA_MBURST_SINGLE
Dma.UART8_RX.7.MemDataAlignment=DMA_MDATAALIGN_BYTE
Dma.UART8_RX.7.MemInc=DMA_MINC_ENABLE
Dma.UART8_RX.7.Mode=DMA_NORMAL
Dma.UART8_RX.7.PeriphBurst=DMA_PBURST_SINGLE
Dma.UART8_RX.7.PeriphDataAlignment=DMA_PDATAALIGN_BYTE
Dma.UART8_RX.7.PeriphInc=DMA_PINC_DISABLE
Dma.UART8_RX.7.Priority=DMA_PRIORITY_LOW
Dma.UART8_RX.7.RequestParameters=Instance,Direction,PeriphInc,MemInc,PeriphDataAlignment,MemDataAlignment,Mode,Priority,FIFOMode,FIFOThreshold,MemBurst,PeriphBurst
Dma.UART8_TX.8.Direction=DMA_MEMORY_TO_PERIPH
Dma.UART8_TX.8.FIFOMode=DMA_FIFOMODE_ENABLE
Dma.UART8_TX.8.FIFOThreshold=DMA_FIFO_THRESHOLD_FULL
Dma.UART8_TX.8.Instance=DMA1_Stream0
Dma.UART8_TX.8.MemBurst=DMA_MBURST_SINGLE
Dma.UART8_TX.8.MemDataAlignment=DMA_MDATAALIGN_BYTE
Dma.UART8_TX.8.MemInc=DMA_MINC_ENABLE
Dma.UART8_TX.8.Mode=DMA_NORMAL
Dma.UART8_TX.8.PeriphBurst=DMA_PBURST_SINGLE
Dma.UART8_TX.8.PeriphDataAlignment=DMA_PDATAALIGN_BYTE
Dma.UART8_TX.8.PeriphInc=DMA_PINC_DISABLE
Dma.UART8_TX.8.Priority=DMA_PRIORITY_LOW
Dma.UART8_TX.8.RequestParameters=Instance,Direction,PeriphInc,MemInc,PeriphDataAlignment,MemDataAlignment,Mode,Priority,FIFOMode,FIFOThreshold,MemBurst,PeriphBurst
ETH.AutoNegotiation=ETH_AUTONEGOTIATION_ENABLE
ETH.ChecksumMode=ETH_CHECKSUM_BY_HARDWARE
ETH.IPParameters=AutoNegotiation,MACAddr,RxMode,ChecksumMode,PhyAddress,PHY_Name_MII,PHY_RESET_DELAY,PHY_CONFIG_DELAY,PHY_READ_TO,PHY_WRITE_TO,PHY_BCR,PHY_BSR,PHY_RESET,PHY_LOOPBACK,PHY_FULLDUPLEX_100M,PHY_HALFDUPLEX_100M,PHY_FULLDUPLEX_10M,PHY_HALFDUPLEX_10M,PHY_AUTONEGOTIATION,PHY_RESTART_AUTONEGOTIATION,PHY_POWERDOWN,PHY_ISOLATE,PHY_AUTONEGO_COMPLETE,PHY_LINKED_STATUS,PHY_JABBER_DETECTION,PHY_SR,PHY_MICR,PHY_MISR,PHY_LINK_STATUS,PHY_SPEED_STATUS,PHY_DUPLEX_STATUS,PHY_MICR_INT_EN,PHY_MICR_INT_OE,PHY_MISR_LINK_INT_EN,PHY_LINK_INTERRUPT,MediaInterface,PHY_User_Name
ETH.MACAddr=00\:80\:E1\:00\:00\:00
ETH.MediaInterface=HAL_ETH_MII_MODE
ETH.PHY_AUTONEGOTIATION=0x1000
ETH.PHY_AUTONEGO_COMPLETE=0x0020
ETH.PHY_BCR=0x00
ETH.PHY_BSR=0x01
ETH.PHY_CONFIG_DELAY=0x00000FFF
ETH.PHY_DUPLEX_STATUS=0x0010
ETH.PHY_FULLDUPLEX_100M=0x2100
ETH.PHY_FULLDUPLEX_10M=0x0100
ETH.PHY_HALFDUPLEX_100M=0x2000
ETH.PHY_HALFDUPLEX_10M=0x0000
ETH.PHY_ISOLATE=0x0400
ETH.PHY_JABBER_DETECTION=0x0002
ETH.PHY_LINKED_STATUS=0x0004
ETH.PHY_LINK_INTERRUPT=0x2000
ETH.PHY_LINK_STATUS=0x0001
ETH.PHY_LOOPBACK=0x4000
ETH.PHY_MICR=0x11
ETH.PHY_MICR_INT_EN=0x0002
ETH.PHY_MICR_INT_OE=0x0001
ETH.PHY_MISR=0x12
ETH.PHY_MISR_LINK_INT_EN=0x0020
ETH.PHY_Name_MII=userPHY
ETH.PHY_POWERDOWN=0x0800
ETH.PHY_READ_TO=0x0000FFFF
ETH.PHY_RESET=0x8000
ETH.PHY_RESET_DELAY=0x000000FF
ETH.PHY_RESTART_AUTONEGOTIATION=0x0200
ETH.PHY_SPEED_STATUS=0x0004
ETH.PHY_SR=0x1F
ETH.PHY_User_Name=KSZ8081
ETH.PHY_WRITE_TO=0x0000FFFF
ETH.PhyAddress=7
ETH.RxMode=ETH_RXINTERRUPT_MODE
FREERTOS.IPParameters=Tasks01,configUSE_POSIX_ERRNO,configENABLE_FPU,configUSE_NEWLIB_REENTRANT
FREERTOS.Tasks01=defaultTask,24,128,StartDefaultTask,Default,NULL,Dynamic,NULL,NULL
FREERTOS.configENABLE_FPU=1
FREERTOS.configUSE_NEWLIB_REENTRANT=1
FREERTOS.configUSE_POSIX_ERRNO=1
File.Version=6
GPIO.groupedBy=Group By Peripherals
HASH.IPParameters=SecureHashAlgorithmType,KeySize
HASH.KeySize=1
HASH.SecureHashAlgorithmType=HMAC SHA224
I2C2.AddressingMode=I2C_ADDRESSINGMODE_7BIT
I2C2.Analog_Filter=I2C_ANALOGFILTER_ENABLE
I2C2.DualAddressMode=I2C_DUALADDRESS_DISABLE
I2C2.GeneralCallMode=I2C_GENERALCALL_DISABLE
I2C2.I2C_Coeff_DF=0
I2C2.I2C_Fall_Time=0
I2C2.I2C_Rise_Time=0
I2C2.I2C_Speed_Mode=I2C_Fast
I2C2.IPParameters=I2C_Speed_Mode,Speed,I2C_Rise_Time,I2C_Fall_Time,I2C_Coeff_DF,Analog_Filter,NoStretchMode,GeneralCallMode,AddressingMode,DualAddressMode,OwnAddress,Timing
I2C2.NoStretchMode=I2C_NOSTRETCH_DISABLE
I2C2.OwnAddress=0
I2C2.Speed=400
I2C2.Timing=0x6000030D
I2C3.IPParameters=Timing
I2C3.Timing=0x20404768
I2C4.I2C_Speed_Mode=I2C_Standard
I2C4.IPParameters=Timing,I2C_Speed_Mode,Timeout,SMBusPacketErrorCheckMode,SMBusPeripheralMode
I2C4.SMBusPacketErrorCheckMode=SMBUS_PEC_ENABLE
I2C4.SMBusPeripheralMode=SMBUS_PERIPHERAL_MODE_SMBUS_HOST
I2C4.Timeout=0x00008293
I2C4.Timing=0x20404768
KeepUserPlacement=true
LPTIM1.IPParameters=TriggerSource
LPTIM1.TriggerSource=LPTIM_TRIGSOURCE_1
LWIP.BSP.number=1
LWIP.IPParameters=LWIP_IPV6,LWIP_HTTPD,LWIP_SNMP,LWIP_PERF,LWIP_TFTP,LWIP_SMTP,LWIP_SNTP,LWIP_IGMP,LWIP_MDNS,LWIP_DNS
LWIP.LWIP_DNS=1
LWIP.LWIP_HTTPD=1
LWIP.LWIP_IGMP=1
LWIP.LWIP_IPV6=1
LWIP.LWIP_MDNS=1
LWIP.LWIP_PERF=1
LWIP.LWIP_SMTP=1
LWIP.LWIP_SNMP=1
LWIP.LWIP_SNTP=1
LWIP.LWIP_TFTP=1
LWIP.Version=v2.1.2_Cube
LWIP0.BSP.STBoard=false
LWIP0.BSP.api=BSP_COMPONENT_DRIVER
LWIP0.BSP.component=DP83848
LWIP0.BSP.condition=
LWIP0.BSP.instance=DP83848
LWIP0.BSP.ip=
LWIP0.BSP.mode=
LWIP0.BSP.name=Driver_PHY
LWIP0.BSP.semaphore=S_DP83848
LWIP0.BSP.solution=DP83848
Mcu.CPN=STM32F777NIH6
Mcu.Family=STM32F7
Mcu.IP0=ADC3
Mcu.IP1=CAN1
Mcu.IP10=FREERTOS
Mcu.IP11=HASH
Mcu.IP12=I2C2
Mcu.IP13=I2C3
Mcu.IP14=I2C4
Mcu.IP15=IWDG
Mcu.IP16=LPTIM1
Mcu.IP17=LWIP
Mcu.IP18=MBEDTLS
Mcu.IP19=NVIC
Mcu.IP2=CAN2
Mcu.IP20=RCC
Mcu.IP21=RNG
Mcu.IP22=RTC
Mcu.IP23=SPI4
Mcu.IP24=SPI5
Mcu.IP25=SYS
Mcu.IP26=TIM8
Mcu.IP27=UART4
Mcu.IP28=UART5
Mcu.IP29=UART7
Mcu.IP3=CORTEX_M7
Mcu.IP30=UART8
Mcu.IP31=USART3
Mcu.IP32=USB_DEVICE
Mcu.IP33=USB_HOST
Mcu.IP34=USB_OTG_FS
Mcu.IP35=USB_OTG_HS
Mcu.IP4=CRC
Mcu.IP5=CRYP
Mcu.IP6=DAC
Mcu.IP7=DMA
Mcu.IP8=ETH
Mcu.IP9=FATFS
Mcu.IPNb=36
Mcu.Name=STM32F777NIHx
Mcu.Package=TFBGA216
Mcu.Pin0=PG14
Mcu.Pin1=PE1
Mcu.Pin10=PG13
Mcu.Pin100=PB1
Mcu.Pin101=PB0
Mcu.Pin102=PE7
Mcu.Pin103=PE10
Mcu.Pin104=PE12
Mcu.Pin105=PE15
Mcu.Pin106=PE13
Mcu.Pin107=PB11
Mcu.Pin108=PB14
Mcu.Pin109=PB15
Mcu.Pin11=PG15
Mcu.Pin110=VP_CRC_VS_CRC
Mcu.Pin111=VP_CRYP_VS_CRYP
Mcu.Pin112=VP_FATFS_VS_USB
Mcu.Pin113=VP_FREERTOS_VS_CMSIS_V2
Mcu.Pin114=VP_HASH_VS_HASH
Mcu.Pin115=VP_IWDG_VS_IWDG
Mcu.Pin116=VP_LPTIM1_VS_LPTIM_counterModeInternalClock
Mcu.Pin117=VP_LWIP_VS_Enabled
Mcu.Pin118=VP_MBEDTLS_VS_MBEDTLS
Mcu.Pin119=VP_RNG_VS_RNG
Mcu.Pin12=PG11
Mcu.Pin120=VP_RTC_VS_RTC_Activate
Mcu.Pin121=VP_RTC_VS_RTC_Calendar
Mcu.Pin122=VP_RTC_VS_RTC_Alarm_A_Intern
Mcu.Pin123=VP_SYS_VS_tim2
Mcu.Pin124=VP_USB_DEVICE_VS_USB_DEVICE_DFU_FS
Mcu.Pin125=VP_USB_HOST_VS_USB_HOST_ALL_CLASS_HS
Mcu.Pin13=PD0
Mcu.Pin14=PC11
Mcu.Pin15=PC10
Mcu.Pin16=PA12
Mcu.Pin17=PI4
Mcu.Pin18=PG12
Mcu.Pin19=PD3
Mcu.Pin2=PE0
Mcu.Pin20=PD1
Mcu.Pin21=PI3
Mcu.Pin22=PI2
Mcu.Pin23=PA11
Mcu.Pin24=PF0
Mcu.Pin25=PI5
Mcu.Pin26=PI7
Mcu.Pin27=PI10
Mcu.Pin28=PI6
Mcu.Pin29=PD4
Mcu.Pin3=PB8
Mcu.Pin30=PD2
Mcu.Pin31=PH15
Mcu.Pin32=PI1
Mcu.Pin33=PA10
Mcu.Pin34=PC14/OSC32_IN
Mcu.Pin35=PF1
Mcu.Pin36=PI12
Mcu.Pin37=PI9
Mcu.Pin38=PH13
Mcu.Pin39=PH14
Mcu.Pin4=PB4
Mcu.Pin40=PI0
Mcu.Pin41=PA9
Mcu.Pin42=PC15/OSC32_OUT
Mcu.Pin43=PC9
Mcu.Pin44=PH0/OSC_IN
Mcu.Pin45=PF2
Mcu.Pin46=PI13
Mcu.Pin47=PI15
Mcu.Pin48=PC7
Mcu.Pin49=PH1/OSC_OUT
Mcu.Pin5=PB3
Mcu.Pin50=PF3
Mcu.Pin51=PI14
Mcu.Pin52=PG8
Mcu.Pin53=PC6
Mcu.Pin54=PF4
Mcu.Pin55=PH5
Mcu.Pin56=PH3
Mcu.Pin57=PF5
Mcu.Pin58=PH2
Mcu.Pin59=PD15
Mcu.Pin6=PC12
Mcu.Pin60=PB13
Mcu.Pin61=PD10
Mcu.Pin62=PC3
Mcu.Pin63=PD14
Mcu.Pin64=PB12
Mcu.Pin65=PC0
Mcu.Pin66=PC1
Mcu.Pin67=PC2
Mcu.Pin68=PF12
Mcu.Pin69=PG1
Mcu.Pin7=PA15
Mcu.Pin70=PF15
Mcu.Pin71=PD13
Mcu.Pin72=PG3
Mcu.Pin73=PG2
Mcu.Pin74=PH12
Mcu.Pin75=PA1
Mcu.Pin76=PA0/WKUP
Mcu.Pin77=PA4
Mcu.Pin78=PC4
Mcu.Pin79=PF13
Mcu.Pin8=PA14
Mcu.Pin80=PG0
Mcu.Pin81=PE8
Mcu.Pin82=PG5
Mcu.Pin83=PG4
Mcu.Pin84=PH7
Mcu.Pin85=PH9
Mcu.Pin86=PH11
Mcu.Pin87=PA2
Mcu.Pin88=PA5
Mcu.Pin89=PC5
Mcu.Pin9=PA13
Mcu.Pin90=PF14
Mcu.Pin91=PF11
Mcu.Pin92=PE9
Mcu.Pin93=PE11
Mcu.Pin94=PE14
Mcu.Pin95=PH6
Mcu.Pin96=PH8
Mcu.Pin97=PH10
Mcu.Pin98=PA3
Mcu.Pin99=PA7
Mcu.PinsNb=126
Mcu.ThirdParty0=RoweBots.I-CUBE-UNISONRTOS.5.5.0-4
Mcu.ThirdParty1=wolfSSL.I-CUBE-wolfSSL.4.7.0
Mcu.ThirdPartyNb=2
Mcu.UserConstants=
Mcu.UserName=STM32F777NIHx
MxCube.Version=6.11.1
MxDb.Version=DB.6.0.111
NVIC.ADC_IRQn=true\:5\:0\:false\:false\:true\:true\:true\:true\:true
NVIC.BusFault_IRQn=true\:0\:0\:false\:false\:true\:false\:false\:false\:false
NVIC.CAN1_RX0_IRQn=true\:5\:0\:false\:false\:true\:true\:true\:true\:true
NVIC.CAN1_RX1_IRQn=true\:5\:0\:false\:false\:true\:true\:true\:true\:true
NVIC.CAN1_SCE_IRQn=true\:5\:0\:false\:false\:true\:true\:true\:true\:true
NVIC.CAN1_TX_IRQn=true\:5\:0\:false\:false\:true\:true\:true\:true\:true
NVIC.CAN2_RX0_IRQn=true\:5\:0\:false\:false\:true\:true\:true\:true\:true
NVIC.CAN2_RX1_IRQn=true\:5\:0\:false\:false\:true\:true\:true\:true\:true
NVIC.CAN2_SCE_IRQn=true\:5\:0\:false\:false\:true\:true\:true\:true\:true
NVIC.CAN2_TX_IRQn=true\:5\:0\:false\:false\:true\:true\:true\:true\:true
NVIC.CRYP_IRQn=true\:5\:0\:false\:false\:true\:true\:true\:true\:true
NVIC.DMA1_Stream0_IRQn=true\:5\:0\:false\:false\:true\:true\:false\:true\:true
NVIC.DMA1_Stream1_IRQn=true\:5\:0\:false\:false\:true\:true\:false\:true\:true
NVIC.DMA1_Stream3_IRQn=true\:5\:0\:false\:false\:true\:true\:false\:true\:true
NVIC.DMA1_Stream6_IRQn=true\:5\:0\:false\:false\:true\:true\:false\:true\:true
NVIC.DMA2_Stream1_IRQn=true\:5\:0\:false\:false\:true\:false\:false\:true\:true
NVIC.DMA2_Stream2_IRQn=true\:5\:0\:false\:false\:true\:true\:false\:true\:true
NVIC.DMA2_Stream3_IRQn=true\:5\:0\:false\:false\:true\:true\:false\:true\:true
NVIC.DMA2_Stream4_IRQn=true\:5\:0\:false\:false\:true\:true\:false\:true\:true
NVIC.DMA2_Stream7_IRQn=true\:5\:0\:false\:false\:true\:true\:false\:true\:true
NVIC.DebugMonitor_IRQn=true\:0\:0\:false\:false\:true\:false\:false\:false\:false
NVIC.ETH_IRQn=true\:5\:0\:false\:false\:true\:true\:false\:true\:true
NVIC.ForceEnableDMAVector=true
NVIC.HASH_RNG_IRQn=true\:5\:0\:false\:false\:true\:true\:true\:true\:true
NVIC.HardFault_IRQn=true\:0\:0\:false\:false\:true\:false\:false\:false\:false
NVIC.I2C2_ER_IRQn=true\:5\:0\:false\:false\:true\:true\:true\:true\:true
NVIC.I2C2_EV_IRQn=true\:5\:0\:false\:false\:true\:true\:true\:true\:true
NVIC.I2C3_ER_IRQn=true\:5\:0\:false\:false\:true\:true\:true\:true\:true
NVIC.I2C3_EV_IRQn=true\:5\:0\:false\:false\:true\:true\:true\:true\:true
NVIC.I2C4_ER_IRQn=true\:5\:0\:false\:false\:true\:true\:true\:true\:true
NVIC.I2C4_EV_IRQn=true\:5\:0\:false\:false\:true\:true\:true\:true\:true
NVIC.LPTIM1_IRQn=true\:5\:0\:false\:false\:true\:true\:true\:true\:true
NVIC.MemoryManagement_IRQn=true\:0\:0\:false\:false\:true\:false\:false\:false\:false
NVIC.NonMaskableInt_IRQn=true\:0\:0\:false\:false\:true\:false\:false\:false\:false
NVIC.OTG_FS_IRQn=true\:5\:0\:false\:false\:true\:true\:true\:true\:true
NVIC.OTG_HS_EP1_IN_IRQn=true\:5\:0\:false\:false\:true\:true\:true\:true\:true
NVIC.OTG_HS_EP1_OUT_IRQn=true\:5\:0\:false\:false\:true\:true\:true\:true\:true
NVIC.OTG_HS_IRQn=true\:5\:0\:false\:false\:true\:true\:true\:true\:true
NVIC.PendSV_IRQn=true\:15\:0\:false\:false\:false\:true\:false\:false\:false
NVIC.PriorityGroup=NVIC_PRIORITYGROUP_4
NVIC.RCC_IRQn=true\:5\:0\:false\:false\:true\:true\:true\:false\:true
NVIC.RTC_Alarm_IRQn=true\:5\:0\:false\:false\:true\:true\:true\:true\:true
NVIC.SPI4_IRQn=true\:5\:0\:false\:false\:true\:true\:true\:true\:true
NVIC.SPI5_IRQn=true\:5\:0\:false\:false\:true\:true\:true\:true\:true
NVIC.SVCall_IRQn=true\:0\:0\:false\:false\:false\:false\:false\:false\:false
NVIC.SavedPendsvIrqHandlerGenerated=true
NVIC.SavedSvcallIrqHandlerGenerated=true
NVIC.SavedSystickIrqHandlerGenerated=true
NVIC.SysTick_IRQn=true\:15\:0\:false\:false\:false\:true\:false\:true\:false
NVIC.TIM2_IRQn=true\:15\:0\:false\:false\:true\:false\:false\:true\:true
NVIC.TIM6_DAC_IRQn=true\:5\:0\:false\:false\:true\:true\:true\:true\:true
NVIC.TIM8_CC_IRQn=true\:5\:0\:false\:false\:true\:true\:true\:true\:true
NVIC.TIM8_TRG_COM_TIM14_IRQn=true\:5\:0\:false\:false\:true\:true\:true\:true\:true
NVIC.TimeBase=TIM2_IRQn
NVIC.TimeBaseIP=TIM2
NVIC.UART4_IRQn=true\:5\:0\:false\:false\:true\:true\:true\:true\:true
NVIC.UART5_IRQn=true\:5\:0\:false\:false\:true\:true\:true\:true\:true
NVIC.UART7_IRQn=true\:5\:0\:false\:false\:true\:true\:true\:true\:true
NVIC.UART8_IRQn=true\:5\:0\:false\:false\:true\:true\:true\:true\:true
NVIC.USART3_IRQn=true\:5\:0\:false\:false\:true\:true\:true\:true\:true
NVIC.UsageFault_IRQn=true\:0\:0\:false\:false\:true\:false\:false\:false\:false
PA0/WKUP.GPIOParameters=GPIO_Label
PA0/WKUP.GPIO_Label=MII_CRS
PA0/WKUP.Locked=true
PA0/WKUP.Mode=MII
PA0/WKUP.Signal=ETH_CRS
PA1.GPIOParameters=GPIO_Label
PA1.GPIO_Label=MII_RXC
PA1.Locked=true
PA1.Mode=MII
PA1.Signal=ETH_RX_CLK
PA10.GPIOParameters=GPIO_Label
PA10.GPIO_Label=TMPH1_PA10
PA10.Locked=true
PA10.Signal=GPIO_Analog
PA11.GPIOParameters=GPIO_Label
PA11.GPIO_Label=USB_DEV_DM
PA11.Locked=true
PA11.Mode=Device_Only
PA11.Signal=USB_OTG_FS_DM
PA12.GPIOParameters=GPIO_Label
PA12.GPIO_Label=USB_DEV_DP
PA12.Locked=true
PA12.Mode=Device_Only
PA12.Signal=USB_OTG_FS_DP
PA13.GPIOParameters=GPIO_Label
PA13.GPIO_Label=JTAG_TMS_SW_DIO
PA13.Locked=true
PA13.Mode=JTAG_5_pins
PA13.Signal=SYS_JTMS-SWDIO
PA14.GPIOParameters=GPIO_Label
PA14.GPIO_Label=JTAG_TCK_SW_CLK
PA14.Locked=true
PA14.Mode=JTAG_5_pins
PA14.Signal=SYS_JTCK-SWCLK
PA15.GPIOParameters=GPIO_Label
PA15.GPIO_Label=JTAG_TDI
PA15.Locked=true
PA15.Mode=JTAG_5_pins
PA15.Signal=SYS_JTDI
PA2.GPIOParameters=GPIO_Label
PA2.GPIO_Label=MII_MDIO
PA2.Locked=true
PA2.Mode=MII
PA2.Signal=ETH_MDIO
PA3.GPIOParameters=GPIO_Label
PA3.GPIO_Label=MII_COL
PA3.Locked=true
PA3.Mode=MII
PA3.Signal=ETH_COL
PA4.GPIOParameters=GPIO_Label
PA4.GPIO_Label=NC_DAC1
PA4.Locked=true
PA4.Signal=COMP_DAC1_group
PA5.GPIOParameters=GPIO_Label
PA5.GPIO_Label=NC_DAC2
PA5.Locked=true
PA5.Signal=COMP_DAC2_group
PA7.GPIOParameters=GPIO_Label
PA7.GPIO_Label=MII_RXDV
PA7.Locked=true
PA7.Mode=MII
PA7.Signal=ETH_RX_DV
PA9.GPIOParameters=GPIO_Label
PA9.GPIO_Label=TMPH2_PA9
PA9.Locked=true
PA9.Signal=GPIO_Analog
PB0.GPIOParameters=GPIO_Label
PB0.GPIO_Label=MII_RXD2
PB0.Locked=true
PB0.Mode=MII
PB0.Signal=ETH_RXD2
PB1.GPIOParameters=GPIO_Label
PB1.GPIO_Label=MII_RXD3
PB1.Locked=true
PB1.Mode=MII
PB1.Signal=ETH_RXD3
PB11.GPIOParameters=GPIO_Label
PB11.GPIO_Label=MII_TXEN
PB11.Locked=true
PB11.Mode=MII
PB11.Signal=ETH_TX_EN
PB12.GPIOParameters=GPIO_Label
PB12.GPIO_Label=CAN_RX2
PB12.Locked=true
PB12.Mode=CAN_Activate
PB12.Signal=CAN2_RX
PB13.GPIOParameters=GPIO_Label
PB13.GPIO_Label=CAN_TX2
PB13.Locked=true
PB13.Mode=CAN_Activate
PB13.Signal=CAN2_TX
PB14.GPIOParameters=GPIO_Label
PB14.GPIO_Label=USB_HOST_DM
PB14.Locked=true
PB14.Mode=Host_FS
PB14.Signal=USB_OTG_HS_DM
PB15.GPIOParameters=GPIO_Label
PB15.GPIO_Label=USB_HOST_DP
PB15.Locked=true
PB15.Mode=Host_FS
PB15.Signal=USB_OTG_HS_DP
PB3.GPIOParameters=GPIO_Label
PB3.GPIO_Label=JTAG_TDO_TRACE_SWO
PB3.Locked=true
PB3.Mode=JTAG_5_pins
PB3.Signal=SYS_JTDO-SWO
PB4.GPIOParameters=GPIO_Label
PB4.GPIO_Label=JTAG_NTRST
PB4.Locked=true
PB4.Mode=JTAG_5_pins
PB4.Signal=SYS_JTRST
PB8.GPIOParameters=GPIO_Label
PB8.GPIO_Label=MII_TXD3
PB8.Locked=true
PB8.Mode=MII
PB8.Signal=ETH_TXD3
PC0.GPIOParameters=GPIO_Label
PC0.GPIO_Label=NC_USB_HOST_VBUS
PC0.Locked=true
PC0.Signal=GPIO_Output
PC1.GPIOParameters=GPIO_Label
PC1.GPIO_Label=MII_MDC
PC1.Locked=true
PC1.Mode=MII
PC1.Signal=ETH_MDC
PC10.GPIOParameters=GPIO_Label
PC10.GPIO_Label=TMPH1_PC10_TXD3
PC10.Locked=true
PC10.Mode=Asynchronous
PC10.Signal=USART3_TX
PC11.GPIOParameters=GPIO_Label
PC11.GPIO_Label=TMPH1_PC11_RXD3
PC11.Locked=true
PC11.Mode=Asynchronous
PC11.Signal=USART3_RX
PC12.GPIOParameters=GPIO_Label
PC12.GPIO_Label=TMPH1_PC12_TXD5
PC12.Locked=true
PC12.Mode=Asynchronous
PC12.Signal=UART5_TX
PC14/OSC32_IN.GPIOParameters=GPIO_Label
PC14/OSC32_IN.GPIO_Label=OSC32K_IN
PC14/OSC32_IN.Locked=true
PC14/OSC32_IN.Mode=LSE-External-Oscillator
PC14/OSC32_IN.Signal=RCC_OSC32_IN
PC15/OSC32_OUT.Locked=true
PC15/OSC32_OUT.Mode=LSE-External-Oscillator
PC15/OSC32_OUT.Signal=RCC_OSC32_OUT
PC2.GPIOParameters=GPIO_Label
PC2.GPIO_Label=MII_TXD2
PC2.Locked=true
PC2.Mode=MII
PC2.Signal=ETH_TXD2
PC3.GPIOParameters=GPIO_Label
PC3.GPIO_Label=MII_TXC
PC3.Locked=true
PC3.Mode=MII
PC3.Signal=ETH_TX_CLK
PC4.GPIOParameters=GPIO_Label
PC4.GPIO_Label=MII_RXD0
PC4.Locked=true
PC4.Mode=MII
PC4.Signal=ETH_RXD0
PC5.GPIOParameters=GPIO_Label
PC5.GPIO_Label=MII_RXD1
PC5.Locked=true
PC5.Mode=MII
PC5.Signal=ETH_RXD1
PC6.GPIOParameters=GPIO_Label
PC6.GPIO_Label=MII_INTRP
PC6.Locked=true
PC6.Signal=GPXTI6
PC7.GPIOParameters=GPIO_Label
PC7.GPIO_Label=MII_NRST
PC7.Locked=true
PC7.Signal=GPIO_Output
PC9.GPIOParameters=GPIO_Label
PC9.GPIO_Label=CAN_M2
PC9.Locked=true
PC9.Signal=GPIO_Output
PD0.GPIOParameters=GPIO_Label
PD0.GPIO_Label=TMPH1_PD0_RXD4
PD0.Locked=true
PD0.Mode=Asynchronous
PD0.Signal=UART4_RX
PD1.GPIOParameters=GPIO_Label
PD1.GPIO_Label=TMPH1_PD1_TXD4
PD1.Locked=true
PD1.Mode=Asynchronous
PD1.Signal=UART4_TX
PD10.GPIOParameters=GPIO_Label
PD10.GPIO_Label=TMPH2_PD10
PD10.Locked=true
PD10.Signal=GPIO_Analog
PD13.GPIOParameters=GPIO_Label
PD13.GPIO_Label=NC_LPTIM1
PD13.Locked=true
PD13.Mode=WaveformGeneration
PD13.Signal=LPTIM1_OUT
PD14.GPIOParameters=GPIO_Label
PD14.GPIO_Label=TMPH2_PD14_CTS8
PD14.Locked=true
PD14.Mode=CTS_RTS
PD14.Signal=UART8_CTS
PD15.GPIOParameters=GPIO_Label
PD15.GPIO_Label=TMPH2_PD15_RTS8
PD15.Locked=true
PD15.Mode=CTS_RTS
PD15.Signal=UART8_RTS
PD2.GPIOParameters=GPIO_Label
PD2.GPIO_Label=TMPH1_PD2_RXD5
PD2.Locked=true
PD2.Mode=Asynchronous
PD2.Signal=UART5_RX
PD3.GPIOParameters=GPIO_Label
PD3.GPIO_Label=TMPH1_PD3
PD3.Locked=true
PD3.Signal=GPIO_Analog
PD4.GPIOParameters=GPIO_Label
PD4.GPIO_Label=TMPH1_PD4
PD4.Locked=true
PD4.Signal=GPIO_Analog
PE0.GPIOParameters=GPIO_Label
PE0.GPIO_Label=TMPH4_PE0_RXD8
PE0.Locked=true
PE0.Mode=Asynchronous
PE0.Signal=UART8_RX
PE1.GPIOParameters=GPIO_Label
PE1.GPIO_Label=TMPH4_PE1_TXD8
PE1.Locked=true
PE1.Mode=Asynchronous
PE1.Signal=UART8_TX
PE10.GPIOParameters=GPIO_Label
PE10.GPIO_Label=UART_CTS7
PE10.Locked=true
PE10.Mode=CTS_RTS
PE10.Signal=UART7_CTS
PE11.GPIOParameters=GPIO_Label
PE11.GPIO_Label=TMPH5_PE11_NSS4
PE11.Locked=true
PE11.Mode=NSS_Signal_Hard_Output
PE11.Signal=SPI4_NSS
PE12.GPIOParameters=GPIO_Label
PE12.GPIO_Label=TMPH5_PE12_SCK4
PE12.Locked=true
PE12.Mode=Full_Duplex_Master
PE12.Signal=SPI4_SCK
PE13.GPIOParameters=GPIO_Label
PE13.GPIO_Label=TMPH5_PE13_MISO4
PE13.Locked=true
PE13.Mode=Full_Duplex_Master
PE13.Signal=SPI4_MISO
PE14.GPIOParameters=GPIO_Label
PE14.GPIO_Label=TMPH5_PE14_MOSI4
PE14.Locked=true
PE14.Mode=Full_Duplex_Master
PE14.Signal=SPI4_MOSI
PE15.GPIOParameters=GPIO_Label
PE15.GPIO_Label=TMPH5_PE15
PE15.Locked=true
PE15.Signal=GPIO_Analog
PE7.GPIOParameters=GPIO_Label
PE7.GPIO_Label=UART_RXD7
PE7.Locked=true
PE7.Mode=Asynchronous
PE7.Signal=UART7_RX
PE8.GPIOParameters=GPIO_Label
PE8.GPIO_Label=UART_TXD7
PE8.Locked=true
PE8.Mode=Asynchronous
PE8.Signal=UART7_TX
PE9.GPIOParameters=GPIO_Label
PE9.GPIO_Label=UART_RTS7
PE9.Locked=true
PE9.Mode=CTS_RTS
PE9.Signal=UART7_RTS
PF0.GPIOParameters=GPIO_Label,GPIO_Pu
PF0.GPIO_Label=SDA2
PF0.GPIO_Pu=GPIO_PULLUP
PF0.Locked=true
PF0.Mode=I2C
PF0.Signal=I2C2_SDA
PF1.GPIOParameters=GPIO_Label,GPIO_Pu
PF1.GPIO_Label=SCL2
PF1.GPIO_Pu=GPIO_PULLUP
PF1.Locked=true
PF1.Mode=I2C
PF1.Signal=I2C2_SCL
PF11.GPIOParameters=GPIO_Label
PF11.GPIO_Label=TMPH5_PF11_MOSI5
PF11.Locked=true
PF11.Mode=Simplex_Bidirectional_Master
PF11.Signal=SPI5_MOSI
PF12.GPIOParameters=GPIO_Label
PF12.GPIO_Label=TMPH5_PF12
PF12.Locked=true
PF12.Signal=GPIO_Analog
PF13.GPIOParameters=GPIO_Label,GPIO_Pu
PF13.GPIO_Label=TMPH5_PF13_SMBA4
PF13.GPIO_Pu=GPIO_PULLUP
PF13.Locked=true
PF13.Mode=SMBus-Alert-mode
PF13.Signal=I2C4_SMBA
PF14.GPIOParameters=GPIO_Label,GPIO_Pu
PF14.GPIO_Label=TMPH5_PF14_SCL4
PF14.GPIO_Pu=GPIO_PULLUP
PF14.Locked=true
PF14.Mode=SMBus-Alert-mode
PF14.Signal=I2C4_SCL
PF15.GPIOParameters=GPIO_Label,GPIO_Pu
PF15.GPIO_Label=TMPH5_PF15_SDA4
PF15.GPIO_Pu=GPIO_PULLUP
PF15.Locked=true
PF15.Mode=SMBus-Alert-mode
PF15.Signal=I2C4_SDA
PF2.GPIOParameters=GPIO_Label
PF2.GPIO_Label=TMPH4_PF2
PF2.Locked=true
PF2.Signal=GPIO_Analog
PF3.GPIOParameters=GPIO_Label
PF3.GPIO_Label=TMPH4_PF3_ADC39
PF3.Locked=true
PF3.Signal=SharedAnalog_PF3
PF4.GPIOParameters=GPIO_Label
PF4.GPIO_Label=TMPH2_PF4_ADC314
PF4.Locked=true
PF4.Signal=SharedAnalog_PF4
PF5.GPIOParameters=GPIO_Label
PF5.GPIO_Label=TMPH2_PF5_ADC315
PF5.Locked=true
PF5.Signal=SharedAnalog_PF5
PG0.GPIOParameters=GPIO_Label
PG0.GPIO_Label=TMPH5_PG0
PG0.Locked=true
PG0.Signal=GPIO_Analog
PG1.GPIOParameters=GPIO_Label
PG1.GPIO_Label=TMPH5_PG1
PG1.Locked=true
PG1.Signal=GPIO_Analog
PG11.GPIOParameters=GPIO_Label
PG11.GPIO_Label=USER_LED1
PG11.Locked=true
PG11.Signal=GPIO_Output
PG12.GPIOParameters=GPIO_Label
PG12.GPIO_Label=USER_LED2
PG12.Locked=true
PG12.Signal=GPIO_Output
PG13.GPIOParameters=GPIO_Label
PG13.GPIO_Label=MII_TXD0
PG13.Locked=true
PG13.Mode=MII
PG13.Signal=ETH_TXD0
PG14.GPIOParameters=GPIO_Label
PG14.GPIO_Label=MII_TXD1
PG14.Locked=true
PG14.Mode=MII
PG14.Signal=ETH_TXD1
PG15.GPIOParameters=GPIO_Label
PG15.GPIO_Label=TMPH4_PG15
PG15.Locked=true
PG15.Signal=GPIO_Analog
PG2.GPIOParameters=GPIO_Label
PG2.GPIO_Label=TMPH3_PG2
PG2.Locked=true
PG2.Signal=GPIO_Analog
PG3.GPIOParameters=GPIO_Label
PG3.GPIO_Label=TMPH3_PG3
PG3.Locked=true
PG3.Signal=GPIO_Analog
PG4.GPIOParameters=GPIO_Label
PG4.GPIO_Label=TMPH3_PG4
PG4.Locked=true
PG4.Signal=GPIO_Analog
PG5.GPIOParameters=GPIO_Label
PG5.GPIO_Label=TMPH3_PG5
PG5.Locked=true
PG5.Signal=GPIO_Analog
PG8.GPIOParameters=GPIO_Label
PG8.GPIO_Label=TMPH2_PG8
PG8.Locked=true
PG8.Signal=GPIO_Analog
PH0/OSC_IN.GPIOParameters=GPIO_Label
PH0/OSC_IN.GPIO_Label=OSC25M_IN
PH0/OSC_IN.Locked=true
PH0/OSC_IN.Mode=HSE-External-Oscillator
PH0/OSC_IN.Signal=RCC_OSC_IN
PH1/OSC_OUT.Locked=true
PH1/OSC_OUT.Mode=HSE-External-Oscillator
PH1/OSC_OUT.Signal=RCC_OSC_OUT
PH10.GPIOParameters=GPIO_Label
PH10.GPIO_Label=TMPH3_PH10
PH10.Locked=true
PH10.Signal=GPIO_Analog
PH11.GPIOParameters=GPIO_Label
PH11.GPIO_Label=TMPH3_PH11
PH11.Locked=true
PH11.Signal=GPIO_Analog
PH12.GPIOParameters=GPIO_Label
PH12.GPIO_Label=TMPH3_PH12
PH12.Locked=true
PH12.Signal=GPIO_Analog
PH13.GPIOParameters=GPIO_Label
PH13.GPIO_Label=CAN_TX1
PH13.Locked=true
PH13.Mode=CAN_Activate
PH13.Signal=CAN1_TX
PH14.GPIOParameters=GPIO_Label
PH14.GPIO_Label=CAN_RX1
PH14.Locked=true
PH14.Mode=CAN_Activate
PH14.Signal=CAN1_RX
PH15.GPIOParameters=GPIO_Label
PH15.GPIO_Label=CAN_M1
PH15.Locked=true
PH15.Signal=GPIO_Output
PH2.GPIOParameters=GPIO_Label
PH2.GPIO_Label=TMPH3_PH2
PH2.Locked=true
PH2.Signal=GPIO_Analog
PH3.GPIOParameters=GPIO_Label
PH3.GPIO_Label=TMPH2_PH3
PH3.Locked=true
PH3.Signal=GPIO_Analog
PH5.GPIOParameters=GPIO_Label
PH5.GPIO_Label=TMPH2_PH5_NSS5
PH5.Locked=true
PH5.Mode=NSS_Signal_Hard_Output
PH5.Signal=SPI5_NSS
PH6.GPIOParameters=GPIO_Label
PH6.GPIO_Label=TMPH3_PH6_SCK5
PH6.Locked=true
PH6.Mode=Simplex_Bidirectional_Master
PH6.Signal=SPI5_SCK
PH7.GPIOParameters=GPIO_Label,GPIO_Pu
PH7.GPIO_Label=TMPH3_PH7_SCL3_MISO5
PH7.GPIO_Pu=GPIO_PULLUP
PH7.Locked=true
PH7.Mode=I2C
PH7.Signal=I2C3_SCL
PH8.GPIOParameters=GPIO_Label,GPIO_Pu
PH8.GPIO_Label=TMPH3_PH8_SDA3
PH8.GPIO_Pu=GPIO_PULLUP
PH8.Locked=true
PH8.Mode=I2C
PH8.Signal=I2C3_SDA
PH9.GPIOParameters=GPIO_Label
PH9.GPIO_Label=TMPH3_PH9
PH9.Locked=true
PH9.Signal=GPIO_Analog
PI0.GPIOParameters=GPIO_Label
PI0.GPIO_Label=TMPH2_PI0
PI0.Locked=true
PI0.Signal=GPIO_Analog
PI1.GPIOParameters=GPIO_Label
PI1.GPIO_Label=TMPH2_PI1
PI1.Locked=true
PI1.Signal=GPIO_Analog
PI10.GPIOParameters=GPIO_Label
PI10.GPIO_Label=MII_RXER
PI10.Locked=true
PI10.Mode=Activate Rx Err signal
PI10.Signal=ETH_RX_ER
PI12.GPIOParameters=GPIO_Label
PI12.GPIO_Label=TMPH4_PI12
PI12.Locked=true
PI12.Signal=GPIO_Analog
PI13.GPIOParameters=GPIO_Label
PI13.GPIO_Label=TMPH4_PI13
PI13.Locked=true
PI13.Signal=GPIO_Analog
PI14.GPIOParameters=GPIO_Label
PI14.GPIO_Label=TMPH4_PI14
PI14.Locked=true
PI14.Signal=GPIO_Analog
PI15.GPIOParameters=GPIO_Label
PI15.GPIO_Label=TMPH2_PI15
PI15.Locked=true
PI15.Signal=GPIO_Analog
PI2.GPIOParameters=GPIO_Label
PI2.GPIO_Label=TMPH1_PI2_PWM84
PI2.Locked=true
PI2.Signal=S_TIM8_CH4
PI3.GPIOParameters=GPIO_Label
PI3.GPIO_Label=TMPH1_PI3
PI3.Locked=true
PI3.Signal=GPIO_Analog
PI4.GPIOParameters=GPIO_Label
PI4.GPIO_Label=TMPH4_PI4
PI4.Locked=true
PI4.Signal=GPIO_Analog
PI5.GPIOParameters=GPIO_Label
PI5.GPIO_Label=TMPH4_PI5_PWM81
PI5.Locked=true
PI5.Signal=S_TIM8_CH1
PI6.GPIOParameters=GPIO_Label
PI6.GPIO_Label=TMPH4_PI6_PWM82
PI6.Locked=true
PI6.Signal=S_TIM8_CH2
PI7.GPIOParameters=GPIO_Label
PI7.GPIO_Label=TMPH4_PI7_PWM83
PI7.Locked=true
PI7.Signal=S_TIM8_CH3
PI9.GPIOParameters=GPIO_Label
PI9.GPIO_Label=TMPH1_PI9
PI9.Locked=true
PI9.Signal=GPIO_Analog
PinOutPanel.CurrentBGAView=Top
PinOutPanel.RotationAngle=90
ProjectManager.AskForMigrate=true
ProjectManager.BackupPrevious=false
ProjectManager.CompilerOptimize=6
ProjectManager.ComputerToolchain=false
ProjectManager.CoupleFile=true
ProjectManager.CustomerFirmwarePackage=
ProjectManager.DefaultFWLocation=true
ProjectManager.DeletePrevious=true
ProjectManager.DeviceId=STM32F777NIHx
ProjectManager.FirmwarePackage=STM32Cube FW_F7 V1.17.1
ProjectManager.FreePins=true
ProjectManager.HalAssertFull=true
ProjectManager.HeapSize=0x200
ProjectManager.KeepUserCode=true
ProjectManager.LastFirmware=true
ProjectManager.LibraryCopy=1
ProjectManager.MainLocation=Core/Src
ProjectManager.NoMain=false
ProjectManager.PreviousToolchain=STM32CubeIDE
ProjectManager.ProjectBuild=false
ProjectManager.ProjectFileName=STM32F777NIHx.ioc
ProjectManager.ProjectName=STM32F777NIHx
ProjectManager.ProjectStructure=
ProjectManager.RegisterCallBack=
ProjectManager.StackSize=0x400
ProjectManager.TargetToolchain=STM32CubeIDE
ProjectManager.ToolChainLocation=
ProjectManager.UAScriptAfterPath=
ProjectManager.UAScriptBeforePath=
ProjectManager.UnderRoot=true
ProjectManager.functionlistsort=1-MX_GPIO_Init-GPIO-false-HAL-true,2-MX_DMA_Init-DMA-false-HAL-true,3-SystemClock_Config-RCC-false-HAL-false,4-MX_CAN1_Init-CAN1-false-HAL-true,5-MX_CAN2_Init-CAN2-false-HAL-true,6-MX_I2C2_Init-I2C2-false-HAL-true,7-MX_UART7_Init-UART7-false-HAL-true,8-MX_I2C4_SMBUS_Init-I2C4-false-HAL-true,9-MX_ADC3_Init-ADC3-false-HAL-true,10-MX_IWDG_Init-IWDG-false-HAL-true,11-MX_TIM8_Init-TIM8-false-HAL-true,12-MX_CRC_Init-CRC-false-HAL-true,13-MX_CRYP_Init-CRYP-false-HAL-true,14-MX_HASH_Init-HASH-false-HAL-true,15-MX_RNG_Init-RNG-false-HAL-true,16-MX_RTC_Init-RTC-false-HAL-true,17-MX_FATFS_Init-FATFS-false-HAL-false,18-MX_LWIP_Init-LWIP-false-HAL-false,19-MX_MBEDTLS_Init-MBEDTLS-false-HAL-false,20-MX_USB_DEVICE_Init-USB_DEVICE-false-HAL-false,21-MX_USB_HOST_Init-USB_HOST-false-HAL-false,22-MX_DAC_Init-DAC-false-HAL-true,23-MX_LPTIM1_Init-LPTIM1-false-HAL-true,24-MX_UART4_Init-UART4-false-HAL-true,25-MX_UART5_Init-UART5-false-HAL-true,26-MX_USART3_UART_Init-USART3-false-HAL-true,27-MX_UART8_Init-UART8-false-HAL-true,28-MX_SPI4_Init-SPI4-false-HAL-true,29-MX_I2C3_Init-I2C3-false-HAL-true,30-MX_SPI5_Init-SPI5-false-HAL-true,0-MX_CORTEX_M7_Init-CORTEX_M7-false-HAL-true
RCC.AHBFreq_Value=216000000
RCC.APB1CLKDivider=RCC_HCLK_DIV4
RCC.APB1Freq_Value=54000000
RCC.APB1TimFreq_Value=108000000
RCC.APB2CLKDivider=RCC_HCLK_DIV2
RCC.APB2Freq_Value=108000000
RCC.APB2TimFreq_Value=216000000
RCC.CECFreq_Value=32786.88524590164
RCC.CortexFreq_Value=216000000
RCC.DFSDMAudioFreq_Value=96000000
RCC.DFSDMFreq_Value=108000000
RCC.EthernetFreq_Value=216000000
RCC.FCLKCortexFreq_Value=216000000
RCC.FamilyName=M
RCC.HCLKFreq_Value=216000000
RCC.HSE_VALUE=25000000
RCC.HSI_VALUE=16000000
RCC.I2C1Freq_Value=54000000
RCC.I2C2Freq_Value=54000000
RCC.I2C3Freq_Value=54000000
RCC.I2C4Freq_Value=54000000
RCC.I2SFreq_Value=96000000
RCC.IPParameters=AHBFreq_Value,APB1CLKDivider,APB1Freq_Value,APB1TimFreq_Value,APB2CLKDivider,APB2Freq_Value,APB2TimFreq_Value,CECFreq_Value,CortexFreq_Value,DFSDMAudioFreq_Value,DFSDMFreq_Value,EthernetFreq_Value,FCLKCortexFreq_Value,FamilyName,HCLKFreq_Value,HSE_VALUE,HSI_VALUE,I2C1Freq_Value,I2C2Freq_Value,I2C3Freq_Value,I2C4Freq_Value,I2SFreq_Value,LCDTFTFreq_Value,LPTIM1Freq_Value,LSI_VALUE,MCO2PinFreq_Value,PLLCLKFreq_Value,PLLI2SPCLKFreq_Value,PLLI2SQCLKFreq_Value,PLLI2SRCLKFreq_Value,PLLI2SRoutputFreq_Value,PLLM,PLLN,PLLQ,PLLQCLKFreq_Value,PLLQoutputFreq_Value,PLLRFreq_Value,PLLSAIPCLKFreq_Value,PLLSAIQCLKFreq_Value,PLLSAIRCLKFreq_Value,PLLSAIoutputFreq_Value,RNGFreq_Value,RTCClockSelection,RTCFreq_Value,SAI1Freq_Value,SAI2Freq_Value,SDMMC2Freq_Value,SDMMCFreq_Value,SPDIFRXFreq_Value,SYSCLKFreq_VALUE,SYSCLKSource,UART4Freq_Value,UART5Freq_Value,UART7Freq_Value,UART8Freq_Value,USART1Freq_Value,USART2Freq_Value,USART3Freq_Value,USART6Freq_Value,USBFreq_Value,VCOI2SOutputFreq_Value,VCOInputFreq_Value,VCOOutputFreq_Value,VCOSAIOutputFreq_Value
RCC.LCDTFTFreq_Value=48000000
RCC.LPTIM1Freq_Value=54000000
RCC.LSI_VALUE=32000
RCC.MCO2PinFreq_Value=216000000
RCC.PLLCLKFreq_Value=216000000
RCC.PLLI2SPCLKFreq_Value=96000000
RCC.PLLI2SQCLKFreq_Value=96000000
RCC.PLLI2SRCLKFreq_Value=96000000
RCC.PLLI2SRoutputFreq_Value=96000000
RCC.PLLM=25
RCC.PLLN=432
RCC.PLLQ=9
RCC.PLLQCLKFreq_Value=48000000
RCC.PLLQoutputFreq_Value=48000000
RCC.PLLRFreq_Value=216000000
RCC.PLLSAIPCLKFreq_Value=96000000
RCC.PLLSAIQCLKFreq_Value=96000000
RCC.PLLSAIRCLKFreq_Value=96000000
RCC.PLLSAIoutputFreq_Value=96000000
RCC.RNGFreq_Value=48000000
RCC.RTCClockSelection=RCC_RTCCLKSOURCE_LSE
RCC.RTCFreq_Value=32768
RCC.SAI1Freq_Value=96000000
RCC.SAI2Freq_Value=96000000
RCC.SDMMC2Freq_Value=216000000
RCC.SDMMCFreq_Value=216000000
RCC.SPDIFRXFreq_Value=96000000
RCC.SYSCLKFreq_VALUE=216000000
RCC.SYSCLKSource=RCC_SYSCLKSOURCE_PLLCLK
RCC.UART4Freq_Value=54000000
RCC.UART5Freq_Value=54000000
RCC.UART7Freq_Value=54000000
RCC.UART8Freq_Value=54000000
RCC.USART1Freq_Value=108000000
RCC.USART2Freq_Value=54000000
RCC.USART3Freq_Value=54000000
RCC.USART6Freq_Value=108000000
RCC.USBFreq_Value=48000000
RCC.VCOI2SOutputFreq_Value=192000000
RCC.VCOInputFreq_Value=1000000
RCC.VCOOutputFreq_Value=432000000
RCC.VCOSAIOutputFreq_Value=192000000
RTC.Alarm-Alarm\ A=RTC_ALARM_A
RTC.AlarmDateWeekDay-Alarm\ A=RTC_WEEKDAY_SUNDAY
RTC.AlarmDateWeekDaySel-Alarm\ A=RTC_ALARMDATEWEEKDAYSEL_WEEKDAY
RTC.AlarmMaskDateWeekDay-Alarm\ A=RTC_ALARMMASK_DATEWEEKDAY
RTC.Format=RTC_FORMAT_BCD
RTC.IPParameters=WeekDay,Format,Alarm-Alarm A,AlarmDateWeekDaySel-Alarm A,AlarmDateWeekDay-Alarm A,AlarmMaskDateWeekDay-Alarm A
RTC.WeekDay=RTC_WEEKDAY_FRIDAY
RoweBots.I-CUBE-UNISONRTOS.5.5.0-4_SwParameter=UnisonRTOSCcRTOSJjCMSIS\:true;UnisonRTOSCcRTOSJjKERNEL\:true;UnisonRTOSIiApplicationsCcDeviceJjApplication\:simple;
SH.COMP_DAC1_group.0=DAC_OUT1,DAC_OUT1
SH.COMP_DAC1_group.ConfNb=1
SH.COMP_DAC2_group.0=DAC_OUT2,DAC_OUT2
SH.COMP_DAC2_group.ConfNb=1
SH.GPXTI6.0=GPIO_EXTI6
SH.GPXTI6.ConfNb=1
SH.S_TIM8_CH1.0=TIM8_CH1,PWM Generation1 CH1
SH.S_TIM8_CH1.ConfNb=1
SH.S_TIM8_CH2.0=TIM8_CH2,PWM Generation2 CH2
SH.S_TIM8_CH2.ConfNb=1
SH.S_TIM8_CH3.0=TIM8_CH3,PWM Generation3 CH3
SH.S_TIM8_CH3.ConfNb=1
SH.S_TIM8_CH4.0=TIM8_CH4,PWM Generation4 CH4
SH.S_TIM8_CH4.ConfNb=1
SH.SharedAnalog_PF3.0=GPIO_Analog
SH.SharedAnalog_PF3.1=ADC3_IN9,IN9
SH.SharedAnalog_PF3.ConfNb=2
SH.SharedAnalog_PF4.0=GPIO_Analog
SH.SharedAnalog_PF4.1=ADC3_IN14,IN14
SH.SharedAnalog_PF4.ConfNb=2
SH.SharedAnalog_PF5.0=GPIO_Analog
SH.SharedAnalog_PF5.1=ADC3_IN15,IN15
SH.SharedAnalog_PF5.ConfNb=2
SPI4.CalculateBaudRate=54.0 MBits/s
SPI4.Direction=SPI_DIRECTION_2LINES
SPI4.IPParameters=VirtualType,Mode,Direction,CalculateBaudRate,VirtualNSS
SPI4.Mode=SPI_MODE_MASTER
SPI4.VirtualNSS=VM_NSSHARD
SPI4.VirtualType=VM_MASTER
SPI5.CalculateBaudRate=54.0 MBits/s
SPI5.Direction=SPI_DIRECTION_1LINE
SPI5.IPParameters=VirtualType,Mode,Direction,CalculateBaudRate,VirtualNSS
SPI5.Mode=SPI_MODE_MASTER
SPI5.VirtualNSS=VM_NSSHARD
SPI5.VirtualType=VM_MASTER
TIM8.AutoReloadPreload=TIM_AUTORELOAD_PRELOAD_ENABLE
TIM8.Channel-PWM\ Generation1\ CH1=TIM_CHANNEL_1
TIM8.Channel-PWM\ Generation2\ CH2=TIM_CHANNEL_2
TIM8.Channel-PWM\ Generation3\ CH3=TIM_CHANNEL_3
TIM8.Channel-PWM\ Generation4\ CH4=TIM_CHANNEL_4
TIM8.IPParameters=Channel-PWM Generation1 CH1,Channel-PWM Generation2 CH2,Pulse-PWM Generation1 CH1,Pulse-PWM Generation2 CH2,Channel-PWM Generation3 CH3,Pulse-PWM Generation3 CH3,AutoReloadPreload,Channel-PWM Generation4 CH4
TIM8.Pulse-PWM\ Generation1\ CH1=32767
TIM8.Pulse-PWM\ Generation2\ CH2=32767
TIM8.Pulse-PWM\ Generation3\ CH3=32767
UART7.AutoBaudRateEnableParam=UART_ADVFEATURE_AUTOBAUDRATE_DISABLE
UART7.BaudRate=115200
UART7.DMADisableonRxErrorParam=UART_ADVFEATURE_DMA_ENABLEONRXERROR
UART7.DataInvertParam=UART_ADVFEATURE_DATAINV_DISABLE
UART7.IPParameters=BaudRate,WordLength,Parity,StopBits,Mode,OverSampling,OneBitSampling,AutoBaudRateEnableParam,TxPinLevelInvertParam,RxPinLevelInvertParam,DataInvertParam,SwapParam,OverrunDisableParam,DMADisableonRxErrorParam,MSBFirstParam
UART7.MSBFirstParam=UART_ADVFEATURE_MSBFIRST_DISABLE
UART7.Mode=MODE_TX_RX
UART7.OneBitSampling=UART_ONE_BIT_SAMPLE_DISABLE
UART7.OverSampling=UART_OVERSAMPLING_16
UART7.OverrunDisableParam=UART_ADVFEATURE_OVERRUN_ENABLE
UART7.Parity=PARITY_NONE
UART7.RxPinLevelInvertParam=UART_ADVFEATURE_RXINV_DISABLE
UART7.StopBits=UART_STOPBITS_1
UART7.SwapParam=UART_ADVFEATURE_SWAP_DISABLE
UART7.TxPinLevelInvertParam=UART_ADVFEATURE_TXINV_DISABLE
UART7.WordLength=WORDLENGTH_8B
USART3.IPParameters=VirtualMode-Asynchronous
USART3.VirtualMode-Asynchronous=VM_ASYNC
USB_DEVICE.CLASS_NAME_FS=DFU
USB_DEVICE.IPParameters=VirtualMode-DFU_FS,VirtualModeFS,CLASS_NAME_FS,USBD_DEBUG_LEVEL-DFU_FS,USBD_SELF_POWERED-DFU_FS
USB_DEVICE.USBD_DEBUG_LEVEL-DFU_FS=2
USB_DEVICE.USBD_SELF_POWERED-DFU_FS=0
USB_DEVICE.VirtualMode-DFU_FS=Dfu
USB_DEVICE.VirtualModeFS=Dfu_FS
USB_HOST.BSP.number=1
USB_HOST.IPParameters=USBH_HandleTypeDef-ALL_Classes_HS,VirtualModeHS,USBH_USE_OS-ALL_Classes_HS,USBH_DEBUG_LEVEL-ALL_Classes_HS
USB_HOST.USBH_DEBUG_LEVEL-ALL_Classes_HS=2
USB_HOST.USBH_HandleTypeDef-ALL_Classes_HS=hUsbHostHS
USB_HOST.USBH_USE_OS-ALL_Classes_HS=0
USB_HOST.VirtualModeHS=All_Classes
USB_HOST0.BSP.STBoard=false
USB_HOST0.BSP.api=Unknown
USB_HOST0.BSP.component=
USB_HOST0.BSP.condition=
USB_HOST0.BSP.instance=PC0
USB_HOST0.BSP.ip=GPIO
USB_HOST0.BSP.mode=Output
USB_HOST0.BSP.name=Drive_VBUS_HS
USB_HOST0.BSP.semaphore=
USB_HOST0.BSP.solution=PC0
USB_OTG_FS.IPParameters=low_power_enable,lpm_enable,vbus_sensing_enable,Sof_enable,VirtualMode
USB_OTG_FS.Sof_enable=ENABLE
USB_OTG_FS.VirtualMode=Device_Only
USB_OTG_FS.low_power_enable=DISABLE
USB_OTG_FS.lpm_enable=DISABLE
USB_OTG_FS.vbus_sensing_enable=DISABLE
USB_OTG_HS.IPParameters=speed-Host_FS,dma_enable-Host_FS,phy_itface-Host_FS,Sof_enable-Host_FS,VirtualMode-Host_FS
USB_OTG_HS.Sof_enable-Host_FS=ENABLE
USB_OTG_HS.VirtualMode-Host_FS=Host_FS
USB_OTG_HS.dma_enable-Host_FS=ENABLE
USB_OTG_HS.phy_itface-Host_FS=USB_OTG_EMBEDDED_PHY
USB_OTG_HS.speed-Host_FS=HCD_SPEED_FULL
VP_CRC_VS_CRC.Mode=CRC_Activate
VP_CRC_VS_CRC.Signal=CRC_VS_CRC
VP_CRYP_VS_CRYP.Mode=CRYP_Activate
VP_CRYP_VS_CRYP.Signal=CRYP_VS_CRYP
VP_FATFS_VS_USB.Mode=USB
VP_FATFS_VS_USB.Signal=FATFS_VS_USB
VP_FREERTOS_VS_CMSIS_V2.Mode=CMSIS_V2
VP_FREERTOS_VS_CMSIS_V2.Signal=FREERTOS_VS_CMSIS_V2
VP_HASH_VS_HASH.Mode=HASH_Activate
VP_HASH_VS_HASH.Signal=HASH_VS_HASH
VP_IWDG_VS_IWDG.Mode=IWDG_Activate
VP_IWDG_VS_IWDG.Signal=IWDG_VS_IWDG
VP_LPTIM1_VS_LPTIM_counterModeInternalClock.Mode=Counts__internal_clock_event_00
VP_LPTIM1_VS_LPTIM_counterModeInternalClock.Signal=LPTIM1_VS_LPTIM_counterModeInternalClock
VP_LWIP_VS_Enabled.Mode=Enabled
VP_LWIP_VS_Enabled.Signal=LWIP_VS_Enabled
VP_MBEDTLS_VS_MBEDTLS.Mode=Enabled
VP_MBEDTLS_VS_MBEDTLS.Signal=MBEDTLS_VS_MBEDTLS
VP_RNG_VS_RNG.Mode=RNG_Activate
VP_RNG_VS_RNG.Signal=RNG_VS_RNG
VP_RTC_VS_RTC_Activate.Mode=RTC_Enabled
VP_RTC_VS_RTC_Activate.Signal=RTC_VS_RTC_Activate
VP_RTC_VS_RTC_Alarm_A_Intern.Mode=Alarm A
VP_RTC_VS_RTC_Alarm_A_Intern.Signal=RTC_VS_RTC_Alarm_A_Intern
VP_RTC_VS_RTC_Calendar.Mode=RTC_Calendar
VP_RTC_VS_RTC_Calendar.Signal=RTC_VS_RTC_Calendar
VP_SYS_VS_tim2.Mode=TIM2
VP_SYS_VS_tim2.Signal=SYS_VS_tim2
VP_USB_DEVICE_VS_USB_DEVICE_DFU_FS.Mode=DFU_FS
VP_USB_DEVICE_VS_USB_DEVICE_DFU_FS.Signal=USB_DEVICE_VS_USB_DEVICE_DFU_FS
VP_USB_HOST_VS_USB_HOST_ALL_CLASS_HS.Mode=ALL_Classes_HS
VP_USB_HOST_VS_USB_HOST_ALL_CLASS_HS.Signal=USB_HOST_VS_USB_HOST_ALL_CLASS_HS
board=custom
rtos.0.ip=FREERTOS
wolfSSL.I-CUBE-wolfSSL.4.7.0_SwParameter=wolfSSLCcwolfSSLJjwolfCryptJjCore\:true;wolfSSLCcwolfSSLJjwolfCryptJjTest\:true;wolfSSLCcwolfSSLJjwolfSSLJjCore\:true;
